
Microsoft Visual Studio Solution File, Format Version 12.00
# Visual Studio 15
VisualStudioVersion = 15.0.28307.1145
MinimumVisualStudioVersion = 10.0.40219.1
Project("{FAE04EC0-301F-11D3-BF4B-00C04F79EFBC}") = "Stock Alram", "Stock Alram.csproj", "{D0D18BDB-7315-4FD4-8ED8-71DA5DF5F5EA}"
EndProject
Global
	GlobalSection(SolutionConfigurationPlatforms) = preSolution
		Debug|Any CPU = Debug|Any CPU
		Release|Any CPU = Release|Any CPU
	EndGlobalSection
	GlobalSection(ProjectConfigurationPlatforms) = postSolution
		{D0D18BDB-7315-4FD4-8ED8-71DA5DF5F5EA}.Debug|Any CPU.ActiveCfg = Debug|Any CPU
		{D0D18BDB-7315-4FD4-8ED8-71DA5DF5F5EA}.Debug|Any CPU.Build.0 = Debug|Any CPU
		{D0D18BDB-7315-4FD4-8ED8-71DA5DF5F5EA}.Release|Any CPU.ActiveCfg = Release|Any CPU
		{D0D18BDB-7315-4FD4-8ED8-71DA5DF5F5EA}.Release|Any CPU.Build.0 = Release|Any CPU
	EndGlobalSection
	GlobalSection(SolutionProperties) = preSolution
		HideSolutionNode = FALSE
	EndGlobalSection
	GlobalSection(ExtensibilityGlobals) = postSolution
		SolutionGuid = {6505E157-D2B8-4480-911F-45813EC7A2BE}
	EndGlobalSection
EndGlobal
